
Microsoft Visual Studio Solution File, Format Version 10.00
# Visual C++ Express 2008
Project("{8BC9CEB8-8B4A-11D0-8D11-00A0C91BC942}") = "tugas 2", "tugas 2\tugas 2.vcproj", "{9AE64C0C-0BEA-49AF-953A-E0BB7E3850D9}"
EndProject
Global
	GlobalSection(SolutionConfigurationPlatforms) = preSolution
		Debug|Win32 = Debug|Win32
		Release|Win32 = Release|Win32
	EndGlobalSection
	GlobalSection(ProjectConfigurationPlatforms) = postSolution
		{9AE64C0C-0BEA-49AF-953A-E0BB7E3850D9}.Debug|Win32.ActiveCfg = Debug|Win32
		{9AE64C0C-0BEA-49AF-953A-E0BB7E3850D9}.Debug|Win32.Build.0 = Debug|Win32
		{9AE64C0C-0BEA-49AF-953A-E0BB7E3850D9}.Release|Win32.ActiveCfg = Release|Win32
		{9AE64C0C-0BEA-49AF-953A-E0BB7E3850D9}.Release|Win32.Build.0 = Release|Win32
	EndGlobalSection
	GlobalSection(SolutionProperties) = preSolution
		HideSolutionNode = FALSE
	EndGlobalSection
EndGlobal
