
Microsoft Visual Studio Solution File, Format Version 10.00
# Visual C++ Express 2008
Project("{8BC9CEB8-8B4A-11D0-8D11-00A0C91BC942}") = "MODUL 3 SATU", "MODUL 3 SATU\MODUL 3 SATU.vcproj", "{BDA20DD4-9793-4996-9D8A-40793E131870}"
EndProject
Global
	GlobalSection(SolutionConfigurationPlatforms) = preSolution
		Debug|Win32 = Debug|Win32
		Release|Win32 = Release|Win32
	EndGlobalSection
	GlobalSection(ProjectConfigurationPlatforms) = postSolution
		{BDA20DD4-9793-4996-9D8A-40793E131870}.Debug|Win32.ActiveCfg = Debug|Win32
		{BDA20DD4-9793-4996-9D8A-40793E131870}.Debug|Win32.Build.0 = Debug|Win32
		{BDA20DD4-9793-4996-9D8A-40793E131870}.Release|Win32.ActiveCfg = Release|Win32
		{BDA20DD4-9793-4996-9D8A-40793E131870}.Release|Win32.Build.0 = Release|Win32
	EndGlobalSection
	GlobalSection(SolutionProperties) = preSolution
		HideSolutionNode = FALSE
	EndGlobalSection
EndGlobal
